
Microsoft Visual Studio Solution File, Format Version 12.00
# Visual Studio Version 17
VisualStudioVersion = 17.8.34511.84
MinimumVisualStudioVersion = 10.0.40219.1
Project("{FAE04EC0-301F-11D3-BF4B-00C04F79EFBC}") = "POE", "POE.csproj", "{5E780768-CE46-47C2-A85A-2938D1024120}"
EndProject
Global
	GlobalSection(SolutionConfigurationPlatforms) = preSolution
		Debug|Any CPU = Debug|Any CPU
		Release|Any CPU = Release|Any CPU
	EndGlobalSection
	GlobalSection(ProjectConfigurationPlatforms) = postSolution
		{5E780768-CE46-47C2-A85A-2938D1024120}.Debug|Any CPU.ActiveCfg = Debug|Any CPU
		{5E780768-CE46-47C2-A85A-2938D1024120}.Debug|Any CPU.Build.0 = Debug|Any CPU
		{5E780768-CE46-47C2-A85A-2938D1024120}.Release|Any CPU.ActiveCfg = Release|Any CPU
		{5E780768-CE46-47C2-A85A-2938D1024120}.Release|Any CPU.Build.0 = Release|Any CPU
	EndGlobalSection
	GlobalSection(SolutionProperties) = preSolution
		HideSolutionNode = FALSE
	EndGlobalSection
	GlobalSection(ExtensibilityGlobals) = postSolution
		SolutionGuid = {8F347E55-6AD6-4A2B-8068-B33D3D1CD252}
	EndGlobalSection
EndGlobal
